
Microsoft Visual Studio Solution File, Format Version 12.00
# Visual Studio Version 16
VisualStudioVersion = 16.0.31702.278
MinimumVisualStudioVersion = 10.0.40219.1
Project("{FAE04EC0-301F-11D3-BF4B-00C04F79EFBC}") = "AppCadastro", "AppCadastro\AppCadastro.csproj", "{38B9C2F0-BD9F-4EC0-8099-7622FED96445}"
EndProject
Global
	GlobalSection(SolutionConfigurationPlatforms) = preSolution
		Debug|Any CPU = Debug|Any CPU
		Release|Any CPU = Release|Any CPU
	EndGlobalSection
	GlobalSection(ProjectConfigurationPlatforms) = postSolution
		{38B9C2F0-BD9F-4EC0-8099-7622FED96445}.Debug|Any CPU.ActiveCfg = Debug|Any CPU
		{38B9C2F0-BD9F-4EC0-8099-7622FED96445}.Debug|Any CPU.Build.0 = Debug|Any CPU
		{38B9C2F0-BD9F-4EC0-8099-7622FED96445}.Release|Any CPU.ActiveCfg = Release|Any CPU
		{38B9C2F0-BD9F-4EC0-8099-7622FED96445}.Release|Any CPU.Build.0 = Release|Any CPU
	EndGlobalSection
	GlobalSection(SolutionProperties) = preSolution
		HideSolutionNode = FALSE
	EndGlobalSection
	GlobalSection(ExtensibilityGlobals) = postSolution
		SolutionGuid = {A3A46E67-23C9-479B-854F-A530B37C7D6E}
	EndGlobalSection
EndGlobal
