
Microsoft Visual Studio Solution File, Format Version 12.00
# Visual Studio Version 16
VisualStudioVersion = 16.0.31727.386
MinimumVisualStudioVersion = 10.0.40219.1
Project("{FAE04EC0-301F-11D3-BF4B-00C04F79EFBC}") = "Whatsapp", "Whatsapp\Whatsapp.csproj", "{F5613463-5747-4559-BB5A-95EEFCCFDD4D}"
EndProject
Global
	GlobalSection(SolutionConfigurationPlatforms) = preSolution
		Debug|Any CPU = Debug|Any CPU
		Release|Any CPU = Release|Any CPU
	EndGlobalSection
	GlobalSection(ProjectConfigurationPlatforms) = postSolution
		{F5613463-5747-4559-BB5A-95EEFCCFDD4D}.Debug|Any CPU.ActiveCfg = Debug|Any CPU
		{F5613463-5747-4559-BB5A-95EEFCCFDD4D}.Debug|Any CPU.Build.0 = Debug|Any CPU
		{F5613463-5747-4559-BB5A-95EEFCCFDD4D}.Release|Any CPU.ActiveCfg = Release|Any CPU
		{F5613463-5747-4559-BB5A-95EEFCCFDD4D}.Release|Any CPU.Build.0 = Release|Any CPU
	EndGlobalSection
	GlobalSection(SolutionProperties) = preSolution
		HideSolutionNode = FALSE
	EndGlobalSection
	GlobalSection(ExtensibilityGlobals) = postSolution
		SolutionGuid = {5A94CC9D-9D6F-4C64-A50E-E34E27F51B70}
	EndGlobalSection
EndGlobal
