
Microsoft Visual Studio Solution File, Format Version 12.00
# Visual Studio Version 16
VisualStudioVersion = 16.0.31702.278
MinimumVisualStudioVersion = 10.0.40219.1
Project("{FAE04EC0-301F-11D3-BF4B-00C04F79EFBC}") = "DIO_Fundamentos", "DIO_Fundamentos\DIO_Fundamentos.csproj", "{2CF907B4-E326-401F-B233-B32A1A589463}"
EndProject
Global
	GlobalSection(SolutionConfigurationPlatforms) = preSolution
		Debug|Any CPU = Debug|Any CPU
		Release|Any CPU = Release|Any CPU
	EndGlobalSection
	GlobalSection(ProjectConfigurationPlatforms) = postSolution
		{2CF907B4-E326-401F-B233-B32A1A589463}.Debug|Any CPU.ActiveCfg = Debug|Any CPU
		{2CF907B4-E326-401F-B233-B32A1A589463}.Debug|Any CPU.Build.0 = Debug|Any CPU
		{2CF907B4-E326-401F-B233-B32A1A589463}.Release|Any CPU.ActiveCfg = Release|Any CPU
		{2CF907B4-E326-401F-B233-B32A1A589463}.Release|Any CPU.Build.0 = Release|Any CPU
	EndGlobalSection
	GlobalSection(SolutionProperties) = preSolution
		HideSolutionNode = FALSE
	EndGlobalSection
	GlobalSection(ExtensibilityGlobals) = postSolution
		SolutionGuid = {028B2D9C-C7C8-4753-9BAA-3220EF72B35A}
	EndGlobalSection
EndGlobal
